<Solution>
  <Project Path="SingularityGroup.HotReload.Editor.csproj" />
  <Project Path="Zenject.csproj" />
  <Project Path="NavMeshPlus.csproj" />
  <Project Path="Zenject-IntegrationTests-Editor.csproj" />
  <Project Path="Zenject-ReflectionBaking-Editor.csproj" />
  <Project Path="Zenject-UnitTests-Editor.csproj" />
  <Project Path="Zenject-Editor.csproj" />
  <Project Path="Zenject-IntegrationTests.csproj" />
  <Project Path="Assembly-CSharp.csproj" />
  <Project Path="Zenject-TestFramework.csproj" />
  <Project Path="SingularityGroup.HotReload.Runtime.Public.csproj" />
  <Project Path="SingularityGroup.HotReload.Runtime.csproj" />
  <Project Path="Zenject-PoolMonitor-Editor.csproj" />
  <Project Path="NavMeshPlusEditor.csproj" />
</Solution>
